
Microsoft Visual Studio Solution File, Format Version 12.00
# Visual Studio 15
VisualStudioVersion = 15.0.28307.572
MinimumVisualStudioVersion = 10.0.40219.1
Project("{FAE04EC0-301F-11D3-BF4B-00C04F79EFBC}") = "DynamoDBUI", "DynamoDBUI\DynamoDBUI.csproj", "{A5BFFFD1-EA1F-4B33-9B0A-68874A3479A1}"
EndProject
Global
	GlobalSection(SolutionConfigurationPlatforms) = preSolution
		Debug|Any CPU = Debug|Any CPU
		Release|Any CPU = Release|Any CPU
	EndGlobalSection
	GlobalSection(ProjectConfigurationPlatforms) = postSolution
		{A5BFFFD1-EA1F-4B33-9B0A-68874A3479A1}.Debug|Any CPU.ActiveCfg = Debug|Any CPU
		{A5BFFFD1-EA1F-4B33-9B0A-68874A3479A1}.Debug|Any CPU.Build.0 = Debug|Any CPU
		{A5BFFFD1-EA1F-4B33-9B0A-68874A3479A1}.Release|Any CPU.ActiveCfg = Release|Any CPU
		{A5BFFFD1-EA1F-4B33-9B0A-68874A3479A1}.Release|Any CPU.Build.0 = Release|Any CPU
	EndGlobalSection
	GlobalSection(SolutionProperties) = preSolution
		HideSolutionNode = FALSE
	EndGlobalSection
	GlobalSection(ExtensibilityGlobals) = postSolution
		SolutionGuid = {F2763304-8D74-48D9-962A-2831A11D2B8B}
	EndGlobalSection
EndGlobal
